
Microsoft Visual Studio Solution File, Format Version 12.00
# Visual Studio Version 17
VisualStudioVersion = 17.6.33829.357
MinimumVisualStudioVersion = 10.0.40219.1
Project("{FAE04EC0-301F-11D3-BF4B-00C04F79EFBC}") = "App.Web.Mvc", "App.Web.Mvc\App.Web.Mvc.csproj", "{21DBDFAB-7E97-4733-A5C7-80D24889605C}"
EndProject
Global
	GlobalSection(SolutionConfigurationPlatforms) = preSolution
		Debug|Any CPU = Debug|Any CPU
		Release|Any CPU = Release|Any CPU
	EndGlobalSection
	GlobalSection(ProjectConfigurationPlatforms) = postSolution
		{21DBDFAB-7E97-4733-A5C7-80D24889605C}.Debug|Any CPU.ActiveCfg = Debug|Any CPU
		{21DBDFAB-7E97-4733-A5C7-80D24889605C}.Debug|Any CPU.Build.0 = Debug|Any CPU
		{21DBDFAB-7E97-4733-A5C7-80D24889605C}.Release|Any CPU.ActiveCfg = Release|Any CPU
		{21DBDFAB-7E97-4733-A5C7-80D24889605C}.Release|Any CPU.Build.0 = Release|Any CPU
	EndGlobalSection
	GlobalSection(SolutionProperties) = preSolution
		HideSolutionNode = FALSE
	EndGlobalSection
	GlobalSection(ExtensibilityGlobals) = postSolution
		SolutionGuid = {E7624E7F-9946-43B1-BC60-E349C55ED533}
	EndGlobalSection
EndGlobal
